
Microsoft Visual Studio Solution File, Format Version 12.00
# Visual Studio Version 17
VisualStudioVersion = 17.0.31903.59
MinimumVisualStudioVersion = 10.0.40219.1
Project("{F2A71F9B-5D33-465A-A702-920D77279786}") = "h2glib", "h2glib\h2glib.fsproj", "{CE3D8D74-0FB9-4C10-A4FA-D8DEB72A0EC8}"
EndProject
Project("{F2A71F9B-5D33-465A-A702-920D77279786}") = "h2g", "h2g\h2g.fsproj", "{AA525D29-A230-4350-934F-C8F5FA47DCCC}"
EndProject
Project("{F2A71F9B-5D33-465A-A702-920D77279786}") = "h2gtest", "h2gtest\h2gtest.fsproj", "{78732B75-B07F-46CF-81D5-2B8C9114B751}"
EndProject
Project("{F2A71F9B-5D33-465A-A702-920D77279786}") = "gdummy", "gdummy\gdummy.fsproj", "{1A33BD5B-06DA-4964-AC22-0E88514C0E79}"
EndProject
Project("{F2A71F9B-5D33-465A-A702-920D77279786}") = "Giraffe.Deprecated", "Giraffe.Deprecated\Giraffe.Deprecated.fsproj", "{1D43CBD4-FE1A-4A2F-A59B-AE9AB96D7942}"
EndProject
Global
	GlobalSection(SolutionConfigurationPlatforms) = preSolution
		Debug|Any CPU = Debug|Any CPU
		Debug|x64 = Debug|x64
		Debug|x86 = Debug|x86
		Release|Any CPU = Release|Any CPU
		Release|x64 = Release|x64
		Release|x86 = Release|x86
	EndGlobalSection
	GlobalSection(ProjectConfigurationPlatforms) = postSolution
		{CE3D8D74-0FB9-4C10-A4FA-D8DEB72A0EC8}.Debug|Any CPU.ActiveCfg = Debug|Any CPU
		{CE3D8D74-0FB9-4C10-A4FA-D8DEB72A0EC8}.Debug|Any CPU.Build.0 = Debug|Any CPU
		{CE3D8D74-0FB9-4C10-A4FA-D8DEB72A0EC8}.Debug|x64.ActiveCfg = Debug|Any CPU
		{CE3D8D74-0FB9-4C10-A4FA-D8DEB72A0EC8}.Debug|x64.Build.0 = Debug|Any CPU
		{CE3D8D74-0FB9-4C10-A4FA-D8DEB72A0EC8}.Debug|x86.ActiveCfg = Debug|Any CPU
		{CE3D8D74-0FB9-4C10-A4FA-D8DEB72A0EC8}.Debug|x86.Build.0 = Debug|Any CPU
		{CE3D8D74-0FB9-4C10-A4FA-D8DEB72A0EC8}.Release|Any CPU.ActiveCfg = Release|Any CPU
		{CE3D8D74-0FB9-4C10-A4FA-D8DEB72A0EC8}.Release|Any CPU.Build.0 = Release|Any CPU
		{CE3D8D74-0FB9-4C10-A4FA-D8DEB72A0EC8}.Release|x64.ActiveCfg = Release|Any CPU
		{CE3D8D74-0FB9-4C10-A4FA-D8DEB72A0EC8}.Release|x64.Build.0 = Release|Any CPU
		{CE3D8D74-0FB9-4C10-A4FA-D8DEB72A0EC8}.Release|x86.ActiveCfg = Release|Any CPU
		{CE3D8D74-0FB9-4C10-A4FA-D8DEB72A0EC8}.Release|x86.Build.0 = Release|Any CPU
		{AA525D29-A230-4350-934F-C8F5FA47DCCC}.Debug|Any CPU.ActiveCfg = Debug|Any CPU
		{AA525D29-A230-4350-934F-C8F5FA47DCCC}.Debug|Any CPU.Build.0 = Debug|Any CPU
		{AA525D29-A230-4350-934F-C8F5FA47DCCC}.Debug|x64.ActiveCfg = Debug|Any CPU
		{AA525D29-A230-4350-934F-C8F5FA47DCCC}.Debug|x64.Build.0 = Debug|Any CPU
		{AA525D29-A230-4350-934F-C8F5FA47DCCC}.Debug|x86.ActiveCfg = Debug|Any CPU
		{AA525D29-A230-4350-934F-C8F5FA47DCCC}.Debug|x86.Build.0 = Debug|Any CPU
		{AA525D29-A230-4350-934F-C8F5FA47DCCC}.Release|Any CPU.ActiveCfg = Release|Any CPU
		{AA525D29-A230-4350-934F-C8F5FA47DCCC}.Release|Any CPU.Build.0 = Release|Any CPU
		{AA525D29-A230-4350-934F-C8F5FA47DCCC}.Release|x64.ActiveCfg = Release|Any CPU
		{AA525D29-A230-4350-934F-C8F5FA47DCCC}.Release|x64.Build.0 = Release|Any CPU
		{AA525D29-A230-4350-934F-C8F5FA47DCCC}.Release|x86.ActiveCfg = Release|Any CPU
		{AA525D29-A230-4350-934F-C8F5FA47DCCC}.Release|x86.Build.0 = Release|Any CPU
		{78732B75-B07F-46CF-81D5-2B8C9114B751}.Debug|Any CPU.ActiveCfg = Debug|Any CPU
		{78732B75-B07F-46CF-81D5-2B8C9114B751}.Debug|Any CPU.Build.0 = Debug|Any CPU
		{78732B75-B07F-46CF-81D5-2B8C9114B751}.Debug|x64.ActiveCfg = Debug|Any CPU
		{78732B75-B07F-46CF-81D5-2B8C9114B751}.Debug|x64.Build.0 = Debug|Any CPU
		{78732B75-B07F-46CF-81D5-2B8C9114B751}.Debug|x86.ActiveCfg = Debug|Any CPU
		{78732B75-B07F-46CF-81D5-2B8C9114B751}.Debug|x86.Build.0 = Debug|Any CPU
		{78732B75-B07F-46CF-81D5-2B8C9114B751}.Release|Any CPU.ActiveCfg = Release|Any CPU
		{78732B75-B07F-46CF-81D5-2B8C9114B751}.Release|Any CPU.Build.0 = Release|Any CPU
		{78732B75-B07F-46CF-81D5-2B8C9114B751}.Release|x64.ActiveCfg = Release|Any CPU
		{78732B75-B07F-46CF-81D5-2B8C9114B751}.Release|x64.Build.0 = Release|Any CPU
		{78732B75-B07F-46CF-81D5-2B8C9114B751}.Release|x86.ActiveCfg = Release|Any CPU
		{78732B75-B07F-46CF-81D5-2B8C9114B751}.Release|x86.Build.0 = Release|Any CPU
		{1A33BD5B-06DA-4964-AC22-0E88514C0E79}.Debug|Any CPU.ActiveCfg = Debug|Any CPU
		{1A33BD5B-06DA-4964-AC22-0E88514C0E79}.Debug|Any CPU.Build.0 = Debug|Any CPU
		{1A33BD5B-06DA-4964-AC22-0E88514C0E79}.Debug|x64.ActiveCfg = Debug|Any CPU
		{1A33BD5B-06DA-4964-AC22-0E88514C0E79}.Debug|x64.Build.0 = Debug|Any CPU
		{1A33BD5B-06DA-4964-AC22-0E88514C0E79}.Debug|x86.ActiveCfg = Debug|Any CPU
		{1A33BD5B-06DA-4964-AC22-0E88514C0E79}.Debug|x86.Build.0 = Debug|Any CPU
		{1A33BD5B-06DA-4964-AC22-0E88514C0E79}.Release|Any CPU.ActiveCfg = Release|Any CPU
		{1A33BD5B-06DA-4964-AC22-0E88514C0E79}.Release|Any CPU.Build.0 = Release|Any CPU
		{1A33BD5B-06DA-4964-AC22-0E88514C0E79}.Release|x64.ActiveCfg = Release|Any CPU
		{1A33BD5B-06DA-4964-AC22-0E88514C0E79}.Release|x64.Build.0 = Release|Any CPU
		{1A33BD5B-06DA-4964-AC22-0E88514C0E79}.Release|x86.ActiveCfg = Release|Any CPU
		{1A33BD5B-06DA-4964-AC22-0E88514C0E79}.Release|x86.Build.0 = Release|Any CPU
		{1D43CBD4-FE1A-4A2F-A59B-AE9AB96D7942}.Debug|Any CPU.ActiveCfg = Debug|Any CPU
		{1D43CBD4-FE1A-4A2F-A59B-AE9AB96D7942}.Debug|Any CPU.Build.0 = Debug|Any CPU
		{1D43CBD4-FE1A-4A2F-A59B-AE9AB96D7942}.Debug|x64.ActiveCfg = Debug|Any CPU
		{1D43CBD4-FE1A-4A2F-A59B-AE9AB96D7942}.Debug|x64.Build.0 = Debug|Any CPU
		{1D43CBD4-FE1A-4A2F-A59B-AE9AB96D7942}.Debug|x86.ActiveCfg = Debug|Any CPU
		{1D43CBD4-FE1A-4A2F-A59B-AE9AB96D7942}.Debug|x86.Build.0 = Debug|Any CPU
		{1D43CBD4-FE1A-4A2F-A59B-AE9AB96D7942}.Release|Any CPU.ActiveCfg = Release|Any CPU
		{1D43CBD4-FE1A-4A2F-A59B-AE9AB96D7942}.Release|Any CPU.Build.0 = Release|Any CPU
		{1D43CBD4-FE1A-4A2F-A59B-AE9AB96D7942}.Release|x64.ActiveCfg = Release|Any CPU
		{1D43CBD4-FE1A-4A2F-A59B-AE9AB96D7942}.Release|x64.Build.0 = Release|Any CPU
		{1D43CBD4-FE1A-4A2F-A59B-AE9AB96D7942}.Release|x86.ActiveCfg = Release|Any CPU
		{1D43CBD4-FE1A-4A2F-A59B-AE9AB96D7942}.Release|x86.Build.0 = Release|Any CPU
	EndGlobalSection
	GlobalSection(SolutionProperties) = preSolution
		HideSolutionNode = FALSE
	EndGlobalSection
EndGlobal
